
Microsoft Visual Studio Solution File, Format Version 12.00
# Visual Studio 15
VisualStudioVersion = 15.0.28307.1831
MinimumVisualStudioVersion = 10.0.40219.1
Project("{FAE04EC0-301F-11D3-BF4B-00C04F79EFBC}") = "InstagramProject", "InstagramProject\InstagramProject.csproj", "{42454915-2176-443B-8EDF-CA9DEEA346DF}"
EndProject
Global
	GlobalSection(SolutionConfigurationPlatforms) = preSolution
		Debug|Any CPU = Debug|Any CPU
		Release|Any CPU = Release|Any CPU
	EndGlobalSection
	GlobalSection(ProjectConfigurationPlatforms) = postSolution
		{42454915-2176-443B-8EDF-CA9DEEA346DF}.Debug|Any CPU.ActiveCfg = Debug|Any CPU
		{42454915-2176-443B-8EDF-CA9DEEA346DF}.Debug|Any CPU.Build.0 = Debug|Any CPU
		{42454915-2176-443B-8EDF-CA9DEEA346DF}.Release|Any CPU.ActiveCfg = Release|Any CPU
		{42454915-2176-443B-8EDF-CA9DEEA346DF}.Release|Any CPU.Build.0 = Release|Any CPU
	EndGlobalSection
	GlobalSection(SolutionProperties) = preSolution
		HideSolutionNode = FALSE
	EndGlobalSection
	GlobalSection(ExtensibilityGlobals) = postSolution
		SolutionGuid = {6A7075D9-AF67-45A9-80A2-5849C4953C2F}
	EndGlobalSection
EndGlobal
